#MicroXplorer Configuration settings - do not modify
Bdma.Request0=SPI6_RX
Bdma.RequestsNb=1
Bdma.SPI6_RX.0.Direction=DMA_PERIPH_TO_MEMORY
Bdma.SPI6_RX.0.EventEnable=DISABLE
Bdma.SPI6_RX.0.Instance=BDMA_Channel0
Bdma.SPI6_RX.0.MemDataAlignment=DMA_MDATAALIGN_BYTE
Bdma.SPI6_RX.0.MemInc=DMA_MINC_ENABLE
Bdma.SPI6_RX.0.Mode=DMA_NORMAL
Bdma.SPI6_RX.0.PeriphDataAlignment=DMA_PDATAALIGN_BYTE
Bdma.SPI6_RX.0.PeriphInc=DMA_PINC_DISABLE
Bdma.SPI6_RX.0.Polarity=HAL_DMAMUX_REQ_GEN_RISING
Bdma.SPI6_RX.0.Priority=DMA_PRIORITY_MEDIUM
Bdma.SPI6_RX.0.RequestNumber=1
Bdma.SPI6_RX.0.RequestParameters=Instance,Direction,PeriphInc,MemInc,PeriphDataAlignment,MemDataAlignment,Mode,Priority,SignalID,Polarity,RequestNumber,SyncSignalID,SyncPolarity,SyncEnable,EventEnable,SyncRequestNumber
Bdma.SPI6_RX.0.SignalID=NONE
Bdma.SPI6_RX.0.SyncEnable=DISABLE
Bdma.SPI6_RX.0.SyncPolarity=HAL_DMAMUX_SYNC_NO_EVENT
Bdma.SPI6_RX.0.SyncRequestNumber=1
Bdma.SPI6_RX.0.SyncSignalID=NONE
CAD.formats=[]
CAD.pinconfig=Dual
CAD.provider=
CORTEX_M7.IPParameters=default_mode_Activation
CORTEX_M7.default_mode_Activation=1
Dma.MEMTOMEM.8.Direction=DMA_MEMORY_TO_MEMORY
Dma.MEMTOMEM.8.EventEnable=DISABLE
Dma.MEMTOMEM.8.FIFOMode=DMA_FIFOMODE_ENABLE
Dma.MEMTOMEM.8.FIFOThreshold=DMA_FIFO_THRESHOLD_FULL
Dma.MEMTOMEM.8.Instance=DMA2_Stream1
Dma.MEMTOMEM.8.MemBurst=DMA_MBURST_INC4
Dma.MEMTOMEM.8.MemDataAlignment=DMA_MDATAALIGN_WORD
Dma.MEMTOMEM.8.MemInc=DMA_MINC_ENABLE
Dma.MEMTOMEM.8.Mode=DMA_NORMAL
Dma.MEMTOMEM.8.PeriphBurst=DMA_PBURST_INC4
Dma.MEMTOMEM.8.PeriphDataAlignment=DMA_PDATAALIGN_WORD
Dma.MEMTOMEM.8.PeriphInc=DMA_PINC_DISABLE
Dma.MEMTOMEM.8.Polarity=HAL_DMAMUX_REQ_GEN_RISING
Dma.MEMTOMEM.8.Priority=DMA_PRIORITY_MEDIUM
Dma.MEMTOMEM.8.RequestNumber=1
Dma.MEMTOMEM.8.RequestParameters=Instance,Direction,PeriphInc,MemInc,PeriphDataAlignment,MemDataAlignment,Mode,Priority,FIFOMode,FIFOThreshold,MemBurst,PeriphBurst,SignalID,Polarity,RequestNumber,SyncSignalID,SyncPolarity,SyncEnable,EventEnable,SyncRequestNumber
Dma.MEMTOMEM.8.SignalID=NONE
Dma.MEMTOMEM.8.SyncEnable=DISABLE
Dma.MEMTOMEM.8.SyncPolarity=HAL_DMAMUX_SYNC_NO_EVENT
Dma.MEMTOMEM.8.SyncRequestNumber=1
Dma.MEMTOMEM.8.SyncSignalID=NONE
Dma.Request0=UART4_RX
Dma.Request1=UART4_TX
Dma.Request2=SPI2_RX
Dma.Request3=SPI4_RX
Dma.Request4=USART2_RX
Dma.Request5=USART1_RX
Dma.Request6=USART3_RX
Dma.Request7=USART6_RX
Dma.Request8=MEMTOMEM
Dma.Request9=SPI3_RX
Dma.RequestsNb=10
Dma.SPI2_RX.2.Direction=DMA_PERIPH_TO_MEMORY
Dma.SPI2_RX.2.EventEnable=DISABLE
Dma.SPI2_RX.2.FIFOMode=DMA_FIFOMODE_DISABLE
Dma.SPI2_RX.2.Instance=DMA1_Stream2
Dma.SPI2_RX.2.MemDataAlignment=DMA_MDATAALIGN_BYTE
Dma.SPI2_RX.2.MemInc=DMA_MINC_ENABLE
Dma.SPI2_RX.2.Mode=DMA_NORMAL
Dma.SPI2_RX.2.PeriphDataAlignment=DMA_PDATAALIGN_BYTE
Dma.SPI2_RX.2.PeriphInc=DMA_PINC_DISABLE
Dma.SPI2_RX.2.Polarity=HAL_DMAMUX_REQ_GEN_RISING
Dma.SPI2_RX.2.Priority=DMA_PRIORITY_MEDIUM
Dma.SPI2_RX.2.RequestNumber=1
Dma.SPI2_RX.2.RequestParameters=Instance,Direction,PeriphInc,MemInc,PeriphDataAlignment,MemDataAlignment,Mode,Priority,FIFOMode,SignalID,Polarity,RequestNumber,SyncSignalID,SyncPolarity,SyncEnable,EventEnable,SyncRequestNumber
Dma.SPI2_RX.2.SignalID=NONE
Dma.SPI2_RX.2.SyncEnable=DISABLE
Dma.SPI2_RX.2.SyncPolarity=HAL_DMAMUX_SYNC_NO_EVENT
Dma.SPI2_RX.2.SyncRequestNumber=1
Dma.SPI2_RX.2.SyncSignalID=NONE
Dma.SPI3_RX.9.Direction=DMA_PERIPH_TO_MEMORY
Dma.SPI3_RX.9.EventEnable=DISABLE
Dma.SPI3_RX.9.FIFOMode=DMA_FIFOMODE_DISABLE
Dma.SPI3_RX.9.Instance=DMA1_Stream3
Dma.SPI3_RX.9.MemDataAlignment=DMA_MDATAALIGN_BYTE
Dma.SPI3_RX.9.MemInc=DMA_MINC_ENABLE
Dma.SPI3_RX.9.Mode=DMA_NORMAL
Dma.SPI3_RX.9.PeriphDataAlignment=DMA_PDATAALIGN_BYTE
Dma.SPI3_RX.9.PeriphInc=DMA_PINC_DISABLE
Dma.SPI3_RX.9.Polarity=HAL_DMAMUX_REQ_GEN_RISING
Dma.SPI3_RX.9.Priority=DMA_PRIORITY_LOW
Dma.SPI3_RX.9.RequestNumber=1
Dma.SPI3_RX.9.RequestParameters=Instance,Direction,PeriphInc,MemInc,PeriphDataAlignment,MemDataAlignment,Mode,Priority,FIFOMode,SignalID,Polarity,RequestNumber,SyncSignalID,SyncPolarity,SyncEnable,EventEnable,SyncRequestNumber
Dma.SPI3_RX.9.SignalID=NONE
Dma.SPI3_RX.9.SyncEnable=DISABLE
Dma.SPI3_RX.9.SyncPolarity=HAL_DMAMUX_SYNC_NO_EVENT
Dma.SPI3_RX.9.SyncRequestNumber=1
Dma.SPI3_RX.9.SyncSignalID=NONE
Dma.SPI4_RX.3.Direction=DMA_PERIPH_TO_MEMORY
Dma.SPI4_RX.3.EventEnable=DISABLE
Dma.SPI4_RX.3.FIFOMode=DMA_FIFOMODE_DISABLE
Dma.SPI4_RX.3.Instance=DMA1_Stream4
Dma.SPI4_RX.3.MemDataAlignment=DMA_MDATAALIGN_BYTE
Dma.SPI4_RX.3.MemInc=DMA_MINC_ENABLE
Dma.SPI4_RX.3.Mode=DMA_NORMAL
Dma.SPI4_RX.3.PeriphDataAlignment=DMA_PDATAALIGN_BYTE
Dma.SPI4_RX.3.PeriphInc=DMA_PINC_DISABLE
Dma.SPI4_RX.3.Polarity=HAL_DMAMUX_REQ_GEN_RISING
Dma.SPI4_RX.3.Priority=DMA_PRIORITY_MEDIUM
Dma.SPI4_RX.3.RequestNumber=1
Dma.SPI4_RX.3.RequestParameters=Instance,Direction,PeriphInc,MemInc,PeriphDataAlignment,MemDataAlignment,Mode,Priority,FIFOMode,SignalID,Polarity,RequestNumber,SyncSignalID,SyncPolarity,SyncEnable,EventEnable,SyncRequestNumber
Dma.SPI4_RX.3.SignalID=NONE
Dma.SPI4_RX.3.SyncEnable=DISABLE
Dma.SPI4_RX.3.SyncPolarity=HAL_DMAMUX_SYNC_NO_EVENT
Dma.SPI4_RX.3.SyncRequestNumber=1
Dma.SPI4_RX.3.SyncSignalID=NONE
Dma.UART4_RX.0.Direction=DMA_PERIPH_TO_MEMORY
Dma.UART4_RX.0.EventEnable=DISABLE
Dma.UART4_RX.0.FIFOMode=DMA_FIFOMODE_DISABLE
Dma.UART4_RX.0.Instance=DMA1_Stream0
Dma.UART4_RX.0.MemDataAlignment=DMA_MDATAALIGN_BYTE
Dma.UART4_RX.0.MemInc=DMA_MINC_ENABLE
Dma.UART4_RX.0.Mode=DMA_NORMAL
Dma.UART4_RX.0.PeriphDataAlignment=DMA_PDATAALIGN_BYTE
Dma.UART4_RX.0.PeriphInc=DMA_PINC_DISABLE
Dma.UART4_RX.0.Polarity=HAL_DMAMUX_REQ_GEN_RISING
Dma.UART4_RX.0.Priority=DMA_PRIORITY_LOW
Dma.UART4_RX.0.RequestNumber=1
Dma.UART4_RX.0.RequestParameters=Instance,Direction,PeriphInc,MemInc,PeriphDataAlignment,MemDataAlignment,Mode,Priority,FIFOMode,SignalID,Polarity,RequestNumber,SyncSignalID,SyncPolarity,SyncEnable,EventEnable,SyncRequestNumber
Dma.UART4_RX.0.SignalID=NONE
Dma.UART4_RX.0.SyncEnable=DISABLE
Dma.UART4_RX.0.SyncPolarity=HAL_DMAMUX_SYNC_NO_EVENT
Dma.UART4_RX.0.SyncRequestNumber=1
Dma.UART4_RX.0.SyncSignalID=NONE
Dma.UART4_TX.1.Direction=DMA_MEMORY_TO_PERIPH
Dma.UART4_TX.1.EventEnable=DISABLE
Dma.UART4_TX.1.FIFOMode=DMA_FIFOMODE_DISABLE
Dma.UART4_TX.1.Instance=DMA1_Stream1
Dma.UART4_TX.1.MemDataAlignment=DMA_MDATAALIGN_BYTE
Dma.UART4_TX.1.MemInc=DMA_MINC_ENABLE
Dma.UART4_TX.1.Mode=DMA_NORMAL
Dma.UART4_TX.1.PeriphDataAlignment=DMA_PDATAALIGN_BYTE
Dma.UART4_TX.1.PeriphInc=DMA_PINC_DISABLE
Dma.UART4_TX.1.Polarity=HAL_DMAMUX_REQ_GEN_RISING
Dma.UART4_TX.1.Priority=DMA_PRIORITY_LOW
Dma.UART4_TX.1.RequestNumber=1
Dma.UART4_TX.1.RequestParameters=Instance,Direction,PeriphInc,MemInc,PeriphDataAlignment,MemDataAlignment,Mode,Priority,FIFOMode,SignalID,Polarity,RequestNumber,SyncSignalID,SyncPolarity,SyncEnable,EventEnable,SyncRequestNumber
Dma.UART4_TX.1.SignalID=NONE
Dma.UART4_TX.1.SyncEnable=DISABLE
Dma.UART4_TX.1.SyncPolarity=HAL_DMAMUX_SYNC_NO_EVENT
Dma.UART4_TX.1.SyncRequestNumber=1
Dma.UART4_TX.1.SyncSignalID=NONE
Dma.USART1_RX.5.Direction=DMA_PERIPH_TO_MEMORY
Dma.USART1_RX.5.EventEnable=DISABLE
Dma.USART1_RX.5.FIFOMode=DMA_FIFOMODE_DISABLE
Dma.USART1_RX.5.Instance=DMA1_Stream6
Dma.USART1_RX.5.MemDataAlignment=DMA_MDATAALIGN_BYTE
Dma.USART1_RX.5.MemInc=DMA_MINC_ENABLE
Dma.USART1_RX.5.Mode=DMA_NORMAL
Dma.USART1_RX.5.PeriphDataAlignment=DMA_PDATAALIGN_BYTE
Dma.USART1_RX.5.PeriphInc=DMA_PINC_DISABLE
Dma.USART1_RX.5.Polarity=HAL_DMAMUX_REQ_GEN_RISING
Dma.USART1_RX.5.Priority=DMA_PRIORITY_MEDIUM
Dma.USART1_RX.5.RequestNumber=1
Dma.USART1_RX.5.RequestParameters=Instance,Direction,PeriphInc,MemInc,PeriphDataAlignment,MemDataAlignment,Mode,Priority,FIFOMode,SignalID,Polarity,RequestNumber,SyncSignalID,SyncPolarity,SyncEnable,EventEnable,SyncRequestNumber
Dma.USART1_RX.5.SignalID=NONE
Dma.USART1_RX.5.SyncEnable=DISABLE
Dma.USART1_RX.5.SyncPolarity=HAL_DMAMUX_SYNC_NO_EVENT
Dma.USART1_RX.5.SyncRequestNumber=1
Dma.USART1_RX.5.SyncSignalID=NONE
Dma.USART2_RX.4.Direction=DMA_PERIPH_TO_MEMORY
Dma.USART2_RX.4.EventEnable=DISABLE
Dma.USART2_RX.4.FIFOMode=DMA_FIFOMODE_DISABLE
Dma.USART2_RX.4.Instance=DMA1_Stream5
Dma.USART2_RX.4.MemDataAlignment=DMA_MDATAALIGN_BYTE
Dma.USART2_RX.4.MemInc=DMA_MINC_ENABLE
Dma.USART2_RX.4.Mode=DMA_NORMAL
Dma.USART2_RX.4.PeriphDataAlignment=DMA_PDATAALIGN_BYTE
Dma.USART2_RX.4.PeriphInc=DMA_PINC_DISABLE
Dma.USART2_RX.4.Polarity=HAL_DMAMUX_REQ_GEN_RISING
Dma.USART2_RX.4.Priority=DMA_PRIORITY_MEDIUM
Dma.USART2_RX.4.RequestNumber=1
Dma.USART2_RX.4.RequestParameters=Instance,Direction,PeriphInc,MemInc,PeriphDataAlignment,MemDataAlignment,Mode,Priority,FIFOMode,SignalID,Polarity,RequestNumber,SyncSignalID,SyncPolarity,SyncEnable,EventEnable,SyncRequestNumber
Dma.USART2_RX.4.SignalID=NONE
Dma.USART2_RX.4.SyncEnable=DISABLE
Dma.USART2_RX.4.SyncPolarity=HAL_DMAMUX_SYNC_NO_EVENT
Dma.USART2_RX.4.SyncRequestNumber=1
Dma.USART2_RX.4.SyncSignalID=NONE
Dma.USART3_RX.6.Direction=DMA_PERIPH_TO_MEMORY
Dma.USART3_RX.6.EventEnable=DISABLE
Dma.USART3_RX.6.FIFOMode=DMA_FIFOMODE_DISABLE
Dma.USART3_RX.6.Instance=DMA1_Stream7
Dma.USART3_RX.6.MemDataAlignment=DMA_MDATAALIGN_BYTE
Dma.USART3_RX.6.MemInc=DMA_MINC_ENABLE
Dma.USART3_RX.6.Mode=DMA_NORMAL
Dma.USART3_RX.6.PeriphDataAlignment=DMA_PDATAALIGN_BYTE
Dma.USART3_RX.6.PeriphInc=DMA_PINC_DISABLE
Dma.USART3_RX.6.Polarity=HAL_DMAMUX_REQ_GEN_RISING
Dma.USART3_RX.6.Priority=DMA_PRIORITY_MEDIUM
Dma.USART3_RX.6.RequestNumber=1
Dma.USART3_RX.6.RequestParameters=Instance,Direction,PeriphInc,MemInc,PeriphDataAlignment,MemDataAlignment,Mode,Priority,FIFOMode,SignalID,Polarity,RequestNumber,SyncSignalID,SyncPolarity,SyncEnable,EventEnable,SyncRequestNumber
Dma.USART3_RX.6.SignalID=NONE
Dma.USART3_RX.6.SyncEnable=DISABLE
Dma.USART3_RX.6.SyncPolarity=HAL_DMAMUX_SYNC_NO_EVENT
Dma.USART3_RX.6.SyncRequestNumber=1
Dma.USART3_RX.6.SyncSignalID=NONE
Dma.USART6_RX.7.Direction=DMA_PERIPH_TO_MEMORY
Dma.USART6_RX.7.EventEnable=DISABLE
Dma.USART6_RX.7.FIFOMode=DMA_FIFOMODE_DISABLE
Dma.USART6_RX.7.Instance=DMA2_Stream0
Dma.USART6_RX.7.MemDataAlignment=DMA_MDATAALIGN_BYTE
Dma.USART6_RX.7.MemInc=DMA_MINC_ENABLE
Dma.USART6_RX.7.Mode=DMA_NORMAL
Dma.USART6_RX.7.PeriphDataAlignment=DMA_PDATAALIGN_BYTE
Dma.USART6_RX.7.PeriphInc=DMA_PINC_DISABLE
Dma.USART6_RX.7.Polarity=HAL_DMAMUX_REQ_GEN_RISING
Dma.USART6_RX.7.Priority=DMA_PRIORITY_MEDIUM
Dma.USART6_RX.7.RequestNumber=1
Dma.USART6_RX.7.RequestParameters=Instance,Direction,PeriphInc,MemInc,PeriphDataAlignment,MemDataAlignment,Mode,Priority,FIFOMode,SignalID,Polarity,RequestNumber,SyncSignalID,SyncPolarity,SyncEnable,EventEnable,SyncRequestNumber
Dma.USART6_RX.7.SignalID=NONE
Dma.USART6_RX.7.SyncEnable=DISABLE
Dma.USART6_RX.7.SyncPolarity=HAL_DMAMUX_SYNC_NO_EVENT
Dma.USART6_RX.7.SyncRequestNumber=1
Dma.USART6_RX.7.SyncSignalID=NONE
File.Version=6
GPIO.groupedBy=Group By Peripherals
I2C1.I2C_Speed_Mode=I2C_Fast
I2C1.IPParameters=Timing,I2C_Speed_Mode
I2C1.Timing=0x00B03FDB
IWDG1.IPParameters=Prescaler,Reload,Window
IWDG1.Prescaler=IWDG_PRESCALER_128
IWDG1.Reload=4095
IWDG1.Window=4095
KeepUserPlacement=false
MMTAppReg1.MEMORYMAP.AppRegionName=DTCMRAM
MMTAppReg1.MEMORYMAP.ContextName=Cortex-M7NS
MMTAppReg1.MEMORYMAP.CoreName=ARM Cortex-M7
MMTAppReg1.MEMORYMAP.IPParameters=StartAddress,Size,CoreName,ContextName,Name
MMTAppReg1.MEMORYMAP.Name=DTCMRAM
MMTAppReg1.MEMORYMAP.Size=131072
MMTAppReg1.MEMORYMAP.StartAddress=0x20000000
MMTAppReg2.MEMORYMAP.AppRegionName=RAM
MMTAppReg2.MEMORYMAP.ContextName=Cortex-M7NS
MMTAppReg2.MEMORYMAP.CoreName=ARM Cortex-M7
MMTAppReg2.MEMORYMAP.DefaultDataRegion=true
MMTAppReg2.MEMORYMAP.IPParameters=StartAddress,Size,CoreName,ContextName,Name,DefaultDataRegion
MMTAppReg2.MEMORYMAP.Name=RAM
MMTAppReg2.MEMORYMAP.Size=524288
MMTAppReg2.MEMORYMAP.StartAddress=0x24000000
MMTAppReg3.MEMORYMAP.AppRegionName=RAM_D2
MMTAppReg3.MEMORYMAP.ContextName=Cortex-M7NS
MMTAppReg3.MEMORYMAP.CoreName=ARM Cortex-M7
MMTAppReg3.MEMORYMAP.IPParameters=StartAddress,Size,CoreName,ContextName,Name
MMTAppReg3.MEMORYMAP.Name=RAM_D2
MMTAppReg3.MEMORYMAP.Size=294912
MMTAppReg3.MEMORYMAP.StartAddress=0x30000000
MMTAppReg4.MEMORYMAP.AppRegionName=RAM_D3
MMTAppReg4.MEMORYMAP.ContextName=Cortex-M7NS
MMTAppReg4.MEMORYMAP.CoreName=ARM Cortex-M7
MMTAppReg4.MEMORYMAP.IPParameters=StartAddress,Size,CoreName,ContextName,Name
MMTAppReg4.MEMORYMAP.Name=RAM_D3
MMTAppReg4.MEMORYMAP.Size=65536
MMTAppReg4.MEMORYMAP.StartAddress=0x38000000
MMTAppReg5.MEMORYMAP.AppRegionName=ITCMRAM
MMTAppReg5.MEMORYMAP.Cacheability=WTRA
MMTAppReg5.MEMORYMAP.ContextName=Cortex-M7NS
MMTAppReg5.MEMORYMAP.CoreName=ARM Cortex-M7
MMTAppReg5.MEMORYMAP.IPParameters=StartAddress,Size,CoreName,ContextName,Name,Cacheability
MMTAppReg5.MEMORYMAP.Name=ITCMRAM
MMTAppReg5.MEMORYMAP.Size=65536
MMTAppReg5.MEMORYMAP.StartAddress=0x00000000
MMTAppReg6.MEMORYMAP.AP=RO_priv_only
MMTAppReg6.MEMORYMAP.AppRegionName=FLASH
MMTAppReg6.MEMORYMAP.Cacheability=WTRA
MMTAppReg6.MEMORYMAP.ContextName=Cortex-M7NS
MMTAppReg6.MEMORYMAP.CoreName=ARM Cortex-M7
MMTAppReg6.MEMORYMAP.DefaultCodeRegion=true
MMTAppReg6.MEMORYMAP.IPParameters=StartAddress,Size,CoreName,MemType,ContextName,Name,AP,Cacheability,DefaultCodeRegion,ISRRegion,RootBootRegion
MMTAppReg6.MEMORYMAP.ISRRegion=true
MMTAppReg6.MEMORYMAP.MemType=ROM
MMTAppReg6.MEMORYMAP.Name=FLASH
MMTAppReg6.MEMORYMAP.RootBootRegion=true
MMTAppReg6.MEMORYMAP.Size=2097152
MMTAppReg6.MEMORYMAP.StartAddress=0x08000000
MMTAppRegionsCount=6
MMTConfigApplied=false
MMTSectionSuffix=_Section
Mcu.CPN=STM32H743VIH6
Mcu.Family=STM32H7
Mcu.IP0=BDMA
Mcu.IP1=CORTEX_M7
Mcu.IP10=RCC
Mcu.IP11=RNG
Mcu.IP12=SPI2
Mcu.IP13=SPI3
Mcu.IP14=SPI4
Mcu.IP15=SPI6
Mcu.IP16=SYS
Mcu.IP17=TIM2
Mcu.IP18=TIM4
Mcu.IP19=TIM5
Mcu.IP2=CRC
Mcu.IP20=TIM8
Mcu.IP21=TIM14
Mcu.IP22=TIM15
Mcu.IP23=TIM16
Mcu.IP24=UART4
Mcu.IP25=USART1
Mcu.IP26=USART2
Mcu.IP27=USART3
Mcu.IP28=USART6
Mcu.IP29=USB_OTG_HS
Mcu.IP3=DEBUG
Mcu.IP4=DMA
Mcu.IP5=I2C1
Mcu.IP6=IWDG1
Mcu.IP7=MEMORYMAP
Mcu.IP8=NVIC
Mcu.IP9=RAMECC
Mcu.IPNb=30
Mcu.Name=STM32H743V(G-I)Hx
Mcu.Package=TFBGA100
Mcu.Pin0=PC14-OSC32_IN (OSC32_IN)
Mcu.Pin1=PC13
Mcu.Pin10=PC15-OSC32_OUT (OSC32_OUT)
Mcu.Pin100=VP_TIM5_VS_ClockSourceINT
Mcu.Pin101=VP_TIM8_VS_ClockSourceINT
Mcu.Pin102=VP_TIM14_VS_ClockSourceINT
Mcu.Pin103=VP_TIM15_VS_ClockSourceINT
Mcu.Pin104=VP_TIM16_VS_ClockSourceINT
Mcu.Pin105=VP_MEMORYMAP_VS_MEMORYMAP
Mcu.Pin11=PE3
Mcu.Pin12=PB8
Mcu.Pin13=PB6
Mcu.Pin14=PD5
Mcu.Pin15=PD2
Mcu.Pin16=PC11
Mcu.Pin17=PC10
Mcu.Pin18=PA12
Mcu.Pin19=PH0-OSC_IN (PH0)
Mcu.Pin2=PE2
Mcu.Pin20=PE4
Mcu.Pin21=PE1
Mcu.Pin22=PB5
Mcu.Pin23=PD6
Mcu.Pin24=PD3
Mcu.Pin25=PC12
Mcu.Pin26=PA9
Mcu.Pin27=PA11
Mcu.Pin28=PH1-OSC_OUT (PH1)
Mcu.Pin29=PE5
Mcu.Pin3=PB9
Mcu.Pin30=PE0
Mcu.Pin31=PD7
Mcu.Pin32=PD4
Mcu.Pin33=PD0
Mcu.Pin34=PA8
Mcu.Pin35=PA10
Mcu.Pin36=PC2_C
Mcu.Pin37=PE6
Mcu.Pin38=PD1
Mcu.Pin39=PC9
Mcu.Pin4=PB7
Mcu.Pin40=PC7
Mcu.Pin41=PC0
Mcu.Pin42=PC1
Mcu.Pin43=PC3_C
Mcu.Pin44=PC8
Mcu.Pin45=PC6
Mcu.Pin46=PA0
Mcu.Pin47=PA4
Mcu.Pin48=PC4
Mcu.Pin49=PB2
Mcu.Pin5=PB4 (NJTRST)
Mcu.Pin50=PE10
Mcu.Pin51=PE14
Mcu.Pin52=PD15
Mcu.Pin53=PD11
Mcu.Pin54=PB15
Mcu.Pin55=PA1
Mcu.Pin56=PA5
Mcu.Pin57=PC5
Mcu.Pin58=PE7
Mcu.Pin59=PE11
Mcu.Pin6=PB3 (JTDO/TRACESWO)
Mcu.Pin60=PE15
Mcu.Pin61=PD14
Mcu.Pin62=PD10
Mcu.Pin63=PB14
Mcu.Pin64=PA2
Mcu.Pin65=PA6
Mcu.Pin66=PB0
Mcu.Pin67=PE8
Mcu.Pin68=PE12
Mcu.Pin69=PB10
Mcu.Pin7=PA15 (JTDI)
Mcu.Pin70=PB13
Mcu.Pin71=PD9
Mcu.Pin72=PD13
Mcu.Pin73=PA3
Mcu.Pin74=PA7
Mcu.Pin75=PB1
Mcu.Pin76=PE9
Mcu.Pin77=PE13
Mcu.Pin78=PB11
Mcu.Pin79=PB12
Mcu.Pin8=PA14 (JTCK/SWCLK)
Mcu.Pin80=PD8
Mcu.Pin81=PD12
Mcu.Pin82=VP_CRC_VS_CRC
Mcu.Pin83=VP_IWDG1_VS_IWDG
Mcu.Pin84=VP_RAMECC_VS_D1_1
Mcu.Pin85=VP_RAMECC_VS_D1_2
Mcu.Pin86=VP_RAMECC_VS_D1_3
Mcu.Pin87=VP_RAMECC_VS_D1_4
Mcu.Pin88=VP_RAMECC_VS_D1_5
Mcu.Pin89=VP_RAMECC_VS_D2_1
Mcu.Pin9=PA13 (JTMS/SWDIO)
Mcu.Pin90=VP_RAMECC_VS_D2_2
Mcu.Pin91=VP_RAMECC_VS_D2_3
Mcu.Pin92=VP_RAMECC_VS_D2_4
Mcu.Pin93=VP_RAMECC_VS_D2_5
Mcu.Pin94=VP_RAMECC_VS_D3_1
Mcu.Pin95=VP_RAMECC_VS_D3_2
Mcu.Pin96=VP_RNG_VS_RNG
Mcu.Pin97=VP_SYS_VS_tim17
Mcu.Pin98=VP_TIM2_VS_ClockSourceINT
Mcu.Pin99=VP_TIM4_VS_no_output3
Mcu.PinsNb=106
Mcu.ThirdPartyNb=0
Mcu.UserConstants=
Mcu.UserName=STM32H743VIHx
MxCube.Version=6.16.1
MxDb.Version=DB.6.0.161
NVIC.BDMA_Channel0_IRQn=true\:0\:0\:false\:false\:true\:false\:true\:true
NVIC.BusFault_IRQn=true\:0\:0\:false\:false\:true\:false\:false\:false
NVIC.DMA1_Stream0_IRQn=true\:0\:0\:false\:false\:true\:false\:true\:true
NVIC.DMA1_Stream1_IRQn=true\:0\:0\:false\:false\:true\:false\:true\:true
NVIC.DMA1_Stream2_IRQn=true\:0\:0\:false\:false\:true\:false\:true\:true
NVIC.DMA1_Stream3_IRQn=true\:0\:0\:false\:false\:true\:false\:true\:true
NVIC.DMA1_Stream4_IRQn=true\:0\:0\:false\:false\:true\:false\:true\:true
NVIC.DMA1_Stream5_IRQn=true\:0\:0\:false\:false\:true\:false\:true\:true
NVIC.DMA1_Stream6_IRQn=true\:0\:0\:false\:false\:true\:false\:true\:true
NVIC.DMA1_Stream7_IRQn=true\:0\:0\:false\:false\:true\:false\:true\:true
NVIC.DMA2_Stream0_IRQn=true\:0\:0\:false\:false\:true\:false\:true\:true
NVIC.DebugMonitor_IRQn=true\:0\:0\:false\:false\:true\:false\:false\:false
NVIC.ECC_IRQn=true\:0\:0\:false\:false\:true\:true\:true\:true
NVIC.ForceEnableDMAVector=true
NVIC.HardFault_IRQn=true\:0\:0\:false\:false\:true\:false\:false\:false
NVIC.I2C1_ER_IRQn=true\:0\:0\:false\:false\:true\:true\:true\:true
NVIC.I2C1_EV_IRQn=true\:0\:0\:false\:false\:true\:true\:true\:true
NVIC.MemoryManagement_IRQn=true\:0\:0\:false\:false\:true\:false\:false\:false
NVIC.NonMaskableInt_IRQn=true\:0\:0\:false\:false\:true\:false\:false\:false
NVIC.OTG_HS_EP1_IN_IRQn=true\:0\:0\:false\:false\:true\:true\:true\:true
NVIC.OTG_HS_EP1_OUT_IRQn=true\:0\:0\:false\:false\:true\:true\:true\:true
NVIC.OTG_HS_IRQn=true\:0\:0\:false\:false\:true\:true\:true\:true
NVIC.PendSV_IRQn=true\:0\:0\:false\:false\:false\:false\:false\:false
NVIC.PriorityGroup=NVIC_PRIORITYGROUP_4
NVIC.SPI2_IRQn=true\:0\:0\:false\:false\:true\:true\:true\:true
NVIC.SPI3_IRQn=true\:0\:0\:false\:false\:true\:true\:true\:true
NVIC.SPI4_IRQn=true\:0\:0\:false\:false\:true\:true\:true\:true
NVIC.SPI6_IRQn=true\:0\:0\:false\:false\:true\:true\:true\:true
NVIC.SVCall_IRQn=true\:0\:0\:false\:false\:false\:false\:false\:false
NVIC.SysTick_IRQn=true\:15\:0\:false\:false\:false\:false\:true\:false
NVIC.TIM15_IRQn=true\:0\:0\:false\:false\:true\:true\:true\:true
NVIC.TIM16_IRQn=true\:3\:0\:true\:false\:true\:true\:true\:true
NVIC.TIM17_IRQn=true\:15\:0\:false\:false\:true\:false\:true\:true
NVIC.TIM4_IRQn=true\:0\:0\:false\:false\:true\:true\:true\:true
NVIC.TIM8_BRK_TIM12_IRQn=true\:0\:0\:false\:false\:true\:true\:true\:true
NVIC.TIM8_TRG_COM_TIM14_IRQn=true\:0\:0\:false\:false\:true\:true\:true\:true
NVIC.TimeBase=TIM17_IRQn
NVIC.TimeBaseIP=TIM17
NVIC.UART4_IRQn=true\:0\:0\:false\:false\:true\:true\:true\:true
NVIC.USART1_IRQn=true\:0\:0\:false\:false\:true\:true\:true\:true
NVIC.USART2_IRQn=true\:0\:0\:false\:false\:true\:true\:true\:true
NVIC.USART3_IRQn=true\:0\:0\:false\:false\:true\:true\:true\:true
NVIC.USART6_IRQn=true\:0\:0\:false\:false\:true\:true\:true\:true
NVIC.UsageFault_IRQn=true\:0\:0\:false\:false\:true\:false\:false\:false
PA0.GPIOParameters=GPIO_Label
PA0.GPIO_Label=GPIO0_1
PA0.Locked=true
PA0.Signal=GPIO_Analog
PA1.GPIOParameters=GPIO_Label
PA1.GPIO_Label=IMU_FSYNC
PA1.Locked=true
PA1.Signal=S_TIM2_CH2
PA10.GPIOParameters=PinState,GPIO_Label
PA10.GPIO_Label=CAM_PWR_3
PA10.Locked=true
PA10.PinState=GPIO_PIN_SET
PA10.Signal=GPIO_Output
PA11.Locked=true
PA11.Signal=USB_OTG_FS_DM
PA12.Locked=true
PA12.Signal=USB_OTG_FS_DP
PA13\ (JTMS/SWDIO).GPIOParameters=PinAttribute
PA13\ (JTMS/SWDIO).Locked=true
PA13\ (JTMS/SWDIO).Mode=Serial_Wire
PA13\ (JTMS/SWDIO).PinAttribute=Free
PA13\ (JTMS/SWDIO).Signal=DEBUG_JTMS-SWDIO
PA14\ (JTCK/SWCLK).GPIOParameters=PinAttribute
PA14\ (JTCK/SWCLK).Locked=true
PA14\ (JTCK/SWCLK).Mode=Serial_Wire
PA14\ (JTCK/SWCLK).PinAttribute=Free
PA14\ (JTCK/SWCLK).Signal=DEBUG_JTCK-SWCLK
PA15\ (JTDI).GPIOParameters=GPIO_Label,PinAttribute
PA15\ (JTDI).GPIO_Label=USB_RESET
PA15\ (JTDI).Locked=true
PA15\ (JTDI).PinAttribute=Free
PA15\ (JTDI).Signal=GPIO_Output
PA2.GPIOParameters=GPIO_Speed
PA2.GPIO_Speed=GPIO_SPEED_FREQ_VERY_HIGH
PA2.Locked=true
PA2.Mode=Synchronous Slave
PA2.Signal=USART2_TX
PA3.GPIOParameters=GPIO_Speed_Only_High
PA3.GPIO_Speed_Only_High=GPIO_SPEED_FREQ_VERY_HIGH
PA3.Locked=true
PA3.Mode=Device_HS
PA3.Signal=USB_OTG_HS_ULPI_D0
PA4.GPIOParameters=GPIO_Speed
PA4.GPIO_Speed=GPIO_SPEED_FREQ_VERY_HIGH
PA4.Locked=true
PA4.Mode=Synchronous Slave
PA4.Signal=USART2_CK
PA5.GPIOParameters=GPIO_Speed_Only_High
PA5.GPIO_Speed_Only_High=GPIO_SPEED_FREQ_VERY_HIGH
PA5.Locked=true
PA5.Mode=Device_HS
PA5.Signal=USB_OTG_HS_ULPI_CK
PA6.GPIOParameters=GPIO_Speed
PA6.GPIO_Speed=GPIO_SPEED_FREQ_VERY_HIGH
PA6.Locked=true
PA6.Mode=Full_Duplex_Slave
PA6.Signal=SPI6_MISO
PA7.GPIOParameters=GPIO_Speed
PA7.GPIO_Speed=GPIO_SPEED_FREQ_VERY_HIGH
PA7.Locked=true
PA7.Mode=Full_Duplex_Slave
PA7.Signal=SPI6_MOSI
PA8.GPIOParameters=GPIO_Speed
PA8.GPIO_Speed=GPIO_SPEED_FREQ_VERY_HIGH
PA8.Locked=true
PA8.Mode=Synchronous Slave
PA8.Signal=USART1_CK
PA9.Locked=true
PA9.Mode=Full_Duplex_Slave
PA9.Signal=SPI2_SCK
PB0.GPIOParameters=GPIO_Speed_Only_High
PB0.GPIO_Speed_Only_High=GPIO_SPEED_FREQ_VERY_HIGH
PB0.Locked=true
PB0.Mode=Device_HS
PB0.Signal=USB_OTG_HS_ULPI_D1
PB1.GPIOParameters=GPIO_Speed_Only_High
PB1.GPIO_Speed_Only_High=GPIO_SPEED_FREQ_VERY_HIGH
PB1.Locked=true
PB1.Mode=Device_HS
PB1.Signal=USB_OTG_HS_ULPI_D2
PB10.GPIOParameters=GPIO_Speed_Only_High
PB10.GPIO_Speed_Only_High=GPIO_SPEED_FREQ_VERY_HIGH
PB10.Locked=true
PB10.Mode=Device_HS
PB10.Signal=USB_OTG_HS_ULPI_D3
PB11.GPIOParameters=GPIO_Speed_Only_High
PB11.GPIO_Speed_Only_High=GPIO_SPEED_FREQ_VERY_HIGH
PB11.Locked=true
PB11.Mode=Device_HS
PB11.Signal=USB_OTG_HS_ULPI_D4
PB12.GPIOParameters=GPIO_Speed_Only_High
PB12.GPIO_Speed_Only_High=GPIO_SPEED_FREQ_VERY_HIGH
PB12.Locked=true
PB12.Mode=Device_HS
PB12.Signal=USB_OTG_HS_ULPI_D5
PB13.GPIOParameters=GPIO_Speed_Only_High
PB13.GPIO_Speed_Only_High=GPIO_SPEED_FREQ_VERY_HIGH
PB13.Locked=true
PB13.Mode=Device_HS
PB13.Signal=USB_OTG_HS_ULPI_D6
PB14.Locked=true
PB14.Mode=Full_Duplex_Slave
PB14.Signal=SPI2_MISO
PB15.GPIOParameters=GPIO_Speed
PB15.GPIO_Speed=GPIO_SPEED_FREQ_VERY_HIGH
PB15.Locked=true
PB15.Mode=Synchronous Slave
PB15.Signal=USART1_RX
PB2.Locked=true
PB2.Mode=Full_Duplex_Slave
PB2.Signal=SPI3_MOSI
PB3\ (JTDO/TRACESWO).GPIOParameters=GPIO_Speed,PinAttribute
PB3\ (JTDO/TRACESWO).GPIO_Speed=GPIO_SPEED_FREQ_VERY_HIGH
PB3\ (JTDO/TRACESWO).Locked=true
PB3\ (JTDO/TRACESWO).Mode=Full_Duplex_Slave
PB3\ (JTDO/TRACESWO).PinAttribute=Free
PB3\ (JTDO/TRACESWO).Signal=SPI6_SCK
PB4\ (NJTRST).GPIOParameters=GPIO_Label,PinAttribute
PB4\ (NJTRST).GPIO_Label=GPIO0_5
PB4\ (NJTRST).Locked=true
PB4\ (NJTRST).PinAttribute=Free
PB4\ (NJTRST).Signal=GPIO_Analog
PB5.GPIOParameters=GPIO_Speed_Only_High
PB5.GPIO_Speed_Only_High=GPIO_SPEED_FREQ_VERY_HIGH
PB5.Locked=true
PB5.Mode=Device_HS
PB5.Signal=USB_OTG_HS_ULPI_D7
PB6.GPIOParameters=GPIO_Speed
PB6.GPIO_Speed=GPIO_SPEED_FREQ_VERY_HIGH
PB6.Locked=true
PB6.Mode=Synchronous Slave
PB6.Signal=USART1_TX
PB7.GPIOParameters=PinAttribute
PB7.Locked=true
PB7.Mode=I2C
PB7.PinAttribute=Free
PB7.Signal=I2C1_SDA
PB8.GPIOParameters=PinAttribute
PB8.Locked=true
PB8.Mode=I2C
PB8.PinAttribute=Free
PB8.Signal=I2C1_SCL
PB9.GPIOParameters=GPIO_Label,PinAttribute
PB9.GPIO_Label=GPIO0_7
PB9.Locked=true
PB9.PinAttribute=Free
PB9.Signal=GPIO_Analog
PC0.GPIOParameters=GPIO_Speed_Only_High
PC0.GPIO_Speed_Only_High=GPIO_SPEED_FREQ_VERY_HIGH
PC0.Locked=true
PC0.Mode=Device_HS
PC0.Signal=USB_OTG_HS_ULPI_STP
PC1.Locked=true
PC1.Mode=Full_Duplex_Slave
PC1.Signal=SPI2_MOSI
PC10.GPIOParameters=PinAttribute
PC10.Locked=true
PC10.Mode=Full_Duplex_Slave
PC10.PinAttribute=Free
PC10.Signal=SPI3_SCK
PC11.GPIOParameters=PinAttribute
PC11.Locked=true
PC11.Mode=Full_Duplex_Slave
PC11.PinAttribute=Free
PC11.Signal=SPI3_MISO
PC12.GPIOParameters=GPIO_Label
PC12.GPIO_Label=USB_MUX
PC12.Locked=true
PC12.Signal=GPIO_Output
PC13.GPIOParameters=GPIO_Label,PinAttribute
PC13.GPIO_Label=GPIO0_8
PC13.Locked=true
PC13.PinAttribute=Free
PC13.Signal=GPIO_Analog
PC14-OSC32_IN\ (OSC32_IN).GPIOParameters=GPIO_Label,PinAttribute
PC14-OSC32_IN\ (OSC32_IN).GPIO_Label=ERROR_LED
PC14-OSC32_IN\ (OSC32_IN).Locked=true
PC14-OSC32_IN\ (OSC32_IN).PinAttribute=Free
PC14-OSC32_IN\ (OSC32_IN).Signal=GPIO_Output
PC15-OSC32_OUT\ (OSC32_OUT).GPIOParameters=GPIO_Label,PinAttribute
PC15-OSC32_OUT\ (OSC32_OUT).GPIO_Label=MUX_RESET
PC15-OSC32_OUT\ (OSC32_OUT).Locked=true
PC15-OSC32_OUT\ (OSC32_OUT).PinAttribute=Free
PC15-OSC32_OUT\ (OSC32_OUT).Signal=GPIO_Output
PC2_C.GPIOParameters=GPIO_Speed_Only_High
PC2_C.GPIO_Speed_Only_High=GPIO_SPEED_FREQ_VERY_HIGH
PC2_C.Locked=true
PC2_C.Mode=Device_HS
PC2_C.Signal=USB_OTG_HS_ULPI_DIR
PC3_C.GPIOParameters=GPIO_Speed_Only_High
PC3_C.GPIO_Speed_Only_High=GPIO_SPEED_FREQ_VERY_HIGH
PC3_C.Locked=true
PC3_C.Mode=Device_HS
PC3_C.Signal=USB_OTG_HS_ULPI_NXT
PC4.GPIOParameters=PinState,GPIO_Label
PC4.GPIO_Label=CAM_PWR_6
PC4.Locked=true
PC4.PinState=GPIO_PIN_SET
PC4.Signal=GPIO_Output
PC5.GPIOParameters=GPIO_Label
PC5.GPIO_Label=IMU_INT
PC5.Locked=true
PC5.Signal=GPIO_Analog
PC6.GPIOParameters=GPIO_Speed
PC6.GPIO_Speed=GPIO_SPEED_FREQ_VERY_HIGH
PC6.Locked=true
PC6.Mode=Synchronous Slave
PC6.Signal=USART6_TX
PC7.GPIOParameters=GPIO_Speed
PC7.GPIO_Speed=GPIO_SPEED_FREQ_VERY_HIGH
PC7.Locked=true
PC7.Mode=Synchronous Slave
PC7.Signal=USART6_RX
PC8.GPIOParameters=GPIO_Speed
PC8.GPIO_Speed=GPIO_SPEED_FREQ_VERY_HIGH
PC8.Locked=true
PC8.Mode=Synchronous Slave
PC8.Signal=USART6_CK
PC9.GPIOParameters=GPIO_Speed
PC9.GPIO_Speed=GPIO_SPEED_FREQ_VERY_HIGH
PC9.Locked=true
PC9.Mode=Clock-out-2
PC9.Signal=RCC_MCO_2
PD0.Locked=true
PD0.Mode=Asynchronous
PD0.Signal=UART4_RX
PD1.Locked=true
PD1.Mode=Asynchronous
PD1.Signal=UART4_TX
PD10.GPIOParameters=GPIO_Speed
PD10.GPIO_Speed=GPIO_SPEED_FREQ_VERY_HIGH
PD10.Locked=true
PD10.Mode=Synchronous Slave
PD10.Signal=USART3_CK
PD11.GPIOParameters=PinState,GPIO_Label
PD11.GPIO_Label=FAN_CTL
PD11.Locked=true
PD11.PinState=GPIO_PIN_SET
PD11.Signal=GPIO_Output
PD12.GPIOParameters=PinState,GPIO_Label
PD12.GPIO_Label=FS_OUT_EN
PD12.Locked=true
PD12.PinState=GPIO_PIN_SET
PD12.Signal=GPIO_Output
PD13.GPIOParameters=GPIO_PuPd,GPIO_Label
PD13.GPIO_Label=FSIN
PD13.GPIO_PuPd=GPIO_PULLDOWN
PD13.Locked=true
PD13.Signal=S_TIM4_CH2
PD14.GPIOParameters=GPIO_Label
PD14.GPIO_Label=GPIO0_4
PD14.Locked=true
PD14.Signal=GPIO_Analog
PD15.GPIOParameters=PinState,GPIO_Label
PD15.GPIO_Label=CAM_PWR_4
PD15.Locked=true
PD15.PinState=GPIO_PIN_SET
PD15.Signal=GPIO_Output
PD2.GPIOParameters=PinState,GPIO_Label
PD2.GPIO_Label=CAM_PWR_1
PD2.Locked=true
PD2.PinState=GPIO_PIN_SET
PD2.Signal=GPIO_Output
PD3.GPIOParameters=PinState,GPIO_Label
PD3.GPIO_Label=CAM_PWR_5
PD3.Locked=true
PD3.PinState=GPIO_PIN_SET
PD3.Signal=GPIO_Output
PD4.GPIOParameters=PinState,GPIO_Label
PD4.GPIO_Label=CAM_PWR_8
PD4.Locked=true
PD4.PinState=GPIO_PIN_SET
PD4.Signal=GPIO_Output
PD5.GPIOParameters=GPIO_Label,PinAttribute
PD5.GPIO_Label=CRESET_6
PD5.Locked=true
PD5.PinAttribute=Free
PD5.Signal=GPIO_Analog
PD6.GPIOParameters=GPIO_Speed
PD6.GPIO_Speed=GPIO_SPEED_FREQ_VERY_HIGH
PD6.Locked=true
PD6.Mode=Synchronous Slave
PD6.Signal=USART2_RX
PD7.GPIOParameters=GPIO_Label
PD7.GPIO_Label=CRESET_5
PD7.Locked=true
PD7.Signal=GPIO_Analog
PD8.GPIOParameters=GPIO_Speed
PD8.GPIO_Speed=GPIO_SPEED_FREQ_VERY_HIGH
PD8.Locked=true
PD8.Mode=Synchronous Slave
PD8.Signal=USART3_TX
PD9.GPIOParameters=GPIO_Speed
PD9.GPIO_Speed=GPIO_SPEED_FREQ_VERY_HIGH
PD9.Locked=true
PD9.Mode=Synchronous Slave
PD9.Signal=USART3_RX
PE0.GPIOParameters=PinState,GPIO_Label
PE0.GPIO_Label=CAM_PWR_7
PE0.Locked=true
PE0.PinState=GPIO_PIN_SET
PE0.Signal=GPIO_Output
PE1.GPIOParameters=GPIO_Label
PE1.GPIO_Label=CRESET_7
PE1.Locked=true
PE1.Signal=GPIO_Analog
PE10.GPIOParameters=PinState,GPIO_Label
PE10.GPIO_Label=CAM_PWR_2
PE10.Locked=true
PE10.PinState=GPIO_PIN_SET
PE10.Signal=GPIO_Output
PE11.GPIOParameters=PinState,GPIO_Label
PE11.GPIO_Label=FSIN_EN
PE11.Locked=true
PE11.PinState=GPIO_PIN_SET
PE11.Signal=GPIO_Output
PE12.GPIOParameters=GPIO_Label
PE12.GPIO_Label=CRESET_3
PE12.Locked=true
PE12.Signal=GPIO_Analog
PE13.GPIOParameters=GPIO_Label
PE13.GPIO_Label=CRESET_4
PE13.Locked=true
PE13.Signal=GPIO_Analog
PE14.Locked=true
PE14.Signal=GPIO_Analog
PE15.GPIOParameters=GPIO_Label
PE15.GPIO_Label=GPIO0_3
PE15.Locked=true
PE15.Signal=GPIO_Analog
PE2.GPIOParameters=PinAttribute
PE2.Locked=true
PE2.Mode=Full_Duplex_Slave
PE2.PinAttribute=Free
PE2.Signal=SPI4_SCK
PE3.GPIOParameters=GPIO_Label,PinAttribute
PE3.GPIO_Label=GPIO0_6
PE3.Locked=true
PE3.PinAttribute=Free
PE3.Signal=GPIO_Analog
PE4.GPIOParameters=GPIO_Label
PE4.GPIO_Label=CRESET_8
PE4.Locked=true
PE4.Signal=GPIO_Analog
PE5.Locked=true
PE5.Mode=Full_Duplex_Slave
PE5.Signal=SPI4_MISO
PE6.Locked=true
PE6.Mode=Full_Duplex_Slave
PE6.Signal=SPI4_MOSI
PE7.GPIOParameters=GPIO_Label
PE7.GPIO_Label=GPIO0_2
PE7.Locked=true
PE7.Signal=GPIO_Analog
PE8.GPIOParameters=GPIO_Label
PE8.GPIO_Label=CRESET_1
PE8.Locked=true
PE8.Signal=GPIO_Analog
PE9.GPIOParameters=GPIO_Label
PE9.GPIO_Label=CRESET_2
PE9.Locked=true
PE9.Signal=GPIO_Analog
PH0-OSC_IN\ (PH0).Mode=HSE-External-Oscillator
PH0-OSC_IN\ (PH0).Signal=RCC_OSC_IN
PH1-OSC_OUT\ (PH1).Mode=HSE-External-Oscillator
PH1-OSC_OUT\ (PH1).Signal=RCC_OSC_OUT
PinOutPanel.CurrentBGAView=Top
PinOutPanel.RotationAngle=0
ProjectManager.AskForMigrate=true
ProjectManager.BackupPrevious=false
ProjectManager.CompilerLinker=GCC
ProjectManager.CompilerOptimize=6
ProjectManager.ComputerToolchain=false
ProjectManager.CoupleFile=false
ProjectManager.CustomerFirmwarePackage=
ProjectManager.DefaultFWLocation=true
ProjectManager.DeletePrevious=true
ProjectManager.DeviceId=STM32H743VIHx
ProjectManager.FirmwarePackage=STM32Cube FW_H7 V1.12.1
ProjectManager.FreePins=false
ProjectManager.FreePinsContext=
ProjectManager.HalAssertFull=false
ProjectManager.HeapSize=0x400
ProjectManager.KeepUserCode=true
ProjectManager.LastFirmware=true
ProjectManager.LibraryCopy=1
ProjectManager.MainLocation=Core/Src
ProjectManager.NoMain=false
ProjectManager.PreviousToolchain=STM32CubeIDE
ProjectManager.ProjectBuild=false
ProjectManager.ProjectFileName=motion-sensor-fw.ioc
ProjectManager.ProjectName=motion-sensor-fw
ProjectManager.ProjectStructure=
ProjectManager.RegisterCallBack=
ProjectManager.StackSize=0x800
ProjectManager.TargetToolchain=CMake
ProjectManager.ToolChainLocation=
ProjectManager.UAScriptAfterPath=
ProjectManager.UAScriptBeforePath=
ProjectManager.UnderRoot=false
ProjectManager.functionlistsort=1-SystemClock_Config-RCC-false-HAL-false,2-MX_GPIO_Init-GPIO-false-HAL-true,3-MX_DMA_Init-DMA-false-HAL-true,4-MX_BDMA_Init-BDMA-false-HAL-true,5-MX_CRC_Init-CRC-false-HAL-true,6-MX_I2C1_Init-I2C1-false-HAL-true,7-MX_RNG_Init-RNG-false-HAL-true,8-MX_SPI2_Init-SPI2-false-HAL-true,9-MX_SPI3_Init-SPI3-false-HAL-true,10-MX_SPI4_Init-SPI4-false-HAL-true,11-MX_SPI6_Init-SPI6-false-HAL-true,12-MX_TIM2_Init-TIM2-false-HAL-true,13-MX_UART4_Init-UART4-false-HAL-true,14-MX_USART6_Init-USART6-false-HAL-true,15-MX_TIM8_Init-TIM8-false-HAL-true,16-MX_TIM4_Init-TIM4-false-HAL-true,17-MX_USART1_Init-USART1-false-HAL-true,18-MX_USART2_Init-USART2-false-HAL-true,19-MX_USART3_Init-USART3-false-HAL-true,false-20-MX_USB_OTG_HS_PCD_Init-USB_OTG_HS-true-HAL-true,21-MX_TIM14_Init-TIM14-false-HAL-true,22-MX_TIM16_Init-TIM16-false-HAL-true,23-MX_TIM5_Init-TIM5-false-HAL-true,24-MX_TIM15_Init-TIM15-false-HAL-true,25-MX_IWDG1_Init-IWDG1-false-HAL-true,26-MX_RAMECC_Init-RAMECC-false-HAL-true,0-MX_CORTEX_M7_Init-CORTEX_M7-false-HAL-true
RAMECC.IPParameters=Instance-RAMECC1_Monitor1,Instance-RAMECC1_Monitor2,Instance-RAMECC1_Monitor3,Instance-RAMECC1_Monitor4,Instance-RAMECC1_Monitor5,Instance-RAMECC2_Monitor1,Instance-RAMECC2_Monitor2,Instance-RAMECC2_Monitor3,Instance-RAMECC2_Monitor4,Instance-RAMECC2_Monitor5,Instance-RAMECC3_Monitor1,Instance-RAMECC3_Monitor2
RAMECC.Instance-RAMECC1_Monitor1=RAMECC1_Monitor1
RAMECC.Instance-RAMECC1_Monitor2=RAMECC1_Monitor2
RAMECC.Instance-RAMECC1_Monitor3=RAMECC1_Monitor3
RAMECC.Instance-RAMECC1_Monitor4=RAMECC1_Monitor4
RAMECC.Instance-RAMECC1_Monitor5=RAMECC1_Monitor5
RAMECC.Instance-RAMECC2_Monitor1=RAMECC2_Monitor1
RAMECC.Instance-RAMECC2_Monitor2=RAMECC2_Monitor2
RAMECC.Instance-RAMECC2_Monitor3=RAMECC2_Monitor3
RAMECC.Instance-RAMECC2_Monitor4=RAMECC2_Monitor4
RAMECC.Instance-RAMECC2_Monitor5=RAMECC2_Monitor5
RAMECC.Instance-RAMECC3_Monitor1=RAMECC3_Monitor1
RAMECC.Instance-RAMECC3_Monitor2=RAMECC3_Monitor2
RCC.ADCFreq_Value=120000000
RCC.AHB12Freq_Value=240000000
RCC.AHB4Freq_Value=240000000
RCC.APB1Freq_Value=120000000
RCC.APB2Freq_Value=120000000
RCC.APB3Freq_Value=120000000
RCC.APB4Freq_Value=120000000
RCC.AXIClockFreq_Value=240000000
RCC.CECFreq_Value=32000
RCC.CKPERFreq_Value=64000000
RCC.CortexFreq_Value=480000000
RCC.CpuClockFreq_Value=480000000
RCC.D1CPREFreq_Value=480000000
RCC.D1PPRE=RCC_APB3_DIV2
RCC.D2PPRE1=RCC_APB1_DIV2
RCC.D2PPRE2=RCC_APB2_DIV2
RCC.D3PPRE=RCC_APB4_DIV2
RCC.DFSDMACLkFreq_Value=48000000
RCC.DFSDMFreq_Value=120000000
RCC.DIVM1=3
RCC.DIVM2=6
RCC.DIVM3=6
RCC.DIVN1=120
RCC.DIVN2=120
RCC.DIVN3=120
RCC.DIVP1Freq_Value=480000000
RCC.DIVP2=4
RCC.DIVP2Freq_Value=120000000
RCC.DIVP3Freq_Value=240000000
RCC.DIVQ1=20
RCC.DIVQ1Freq_Value=48000000
RCC.DIVQ2Freq_Value=240000000
RCC.DIVQ3=10
RCC.DIVQ3Freq_Value=48000000
RCC.DIVR1Freq_Value=480000000
RCC.DIVR2Freq_Value=240000000
RCC.DIVR3Freq_Value=240000000
RCC.FDCANFreq_Value=48000000
RCC.FMCFreq_Value=240000000
RCC.FamilyName=M
RCC.HCLK3ClockFreq_Value=240000000
RCC.HCLKFreq_Value=240000000
RCC.HPRE=RCC_HCLK_DIV2
RCC.HRTIMFreq_Value=240000000
RCC.HSE_VALUE=24000000
RCC.I2C123Freq_Value=120000000
RCC.I2C4Freq_Value=120000000
RCC.IPParameters=ADCFreq_Value,AHB12Freq_Value,AHB4Freq_Value,APB1Freq_Value,APB2Freq_Value,APB3Freq_Value,APB4Freq_Value,AXIClockFreq_Value,CECFreq_Value,CKPERFreq_Value,CortexFreq_Value,CpuClockFreq_Value,D1CPREFreq_Value,D1PPRE,D2PPRE1,D2PPRE2,D3PPRE,DFSDMACLkFreq_Value,DFSDMFreq_Value,DIVM1,DIVM2,DIVM3,DIVN1,DIVN2,DIVN3,DIVP1Freq_Value,DIVP2,DIVP2Freq_Value,DIVP3Freq_Value,DIVQ1,DIVQ1Freq_Value,DIVQ2Freq_Value,DIVQ3,DIVQ3Freq_Value,DIVR1Freq_Value,DIVR2Freq_Value,DIVR3Freq_Value,FDCANFreq_Value,FMCFreq_Value,FamilyName,HCLK3ClockFreq_Value,HCLKFreq_Value,HPRE,HRTIMFreq_Value,HSE_VALUE,I2C123Freq_Value,I2C4Freq_Value,LPTIM1Freq_Value,LPTIM2Freq_Value,LPTIM345Freq_Value,LPUART1Freq_Value,LTDCFreq_Value,MCO1PinFreq_Value,MCO2PinFreq_Value,PLLSourceVirtual,QSPIFreq_Value,RCC_MCO2Source,RCC_MCODiv2,RNGCLockSelection,RNGFreq_Value,RTCFreq_Value,SAI1Freq_Value,SAI23Freq_Value,SAI4AFreq_Value,SAI4BFreq_Value,SDMMCFreq_Value,SPDIFRXFreq_Value,SPI123CLockSelection,SPI123Freq_Value,SPI45Freq_Value,SPI6Freq_Value,SWPMI1Freq_Value,SYSCLKFreq_VALUE,SYSCLKSource,SupplySource,Tim1OutputFreq_Value,Tim2OutputFreq_Value,TraceFreq_Value,USART16Freq_Value,USART234578Freq_Value,USBFreq_Value,VCO1OutputFreq_Value,VCO2OutputFreq_Value,VCO3OutputFreq_Value,VCOInput1Freq_Value,VCOInput2Freq_Value,VCOInput3Freq_Value,VDD_VALUE
RCC.LPTIM1Freq_Value=120000000
RCC.LPTIM2Freq_Value=120000000
RCC.LPTIM345Freq_Value=120000000
RCC.LPUART1Freq_Value=120000000
RCC.LTDCFreq_Value=240000000
RCC.MCO1PinFreq_Value=64000000
RCC.MCO2PinFreq_Value=24000000
RCC.PLLSourceVirtual=RCC_PLLSOURCE_HSE
RCC.QSPIFreq_Value=240000000
RCC.RCC_MCO2Source=RCC_MCO2SOURCE_PLL2PCLK
RCC.RCC_MCODiv2=RCC_MCODIV_5
RCC.RNGCLockSelection=RCC_RNGCLKSOURCE_PLL
RCC.RNGFreq_Value=48000000
RCC.RTCFreq_Value=32000
RCC.SAI1Freq_Value=48000000
RCC.SAI23Freq_Value=48000000
RCC.SAI4AFreq_Value=48000000
RCC.SAI4BFreq_Value=48000000
RCC.SDMMCFreq_Value=48000000
RCC.SPDIFRXFreq_Value=48000000
RCC.SPI123CLockSelection=RCC_SPI123CLKSOURCE_PLL2
RCC.SPI123Freq_Value=120000000
RCC.SPI45Freq_Value=120000000
RCC.SPI6Freq_Value=120000000
RCC.SWPMI1Freq_Value=120000000
RCC.SYSCLKFreq_VALUE=480000000
RCC.SYSCLKSource=RCC_SYSCLKSOURCE_PLLCLK
RCC.SupplySource=PWR_LDO_SUPPLY
RCC.Tim1OutputFreq_Value=240000000
RCC.Tim2OutputFreq_Value=240000000
RCC.TraceFreq_Value=480000000
RCC.USART16Freq_Value=120000000
RCC.USART234578Freq_Value=120000000
RCC.USBFreq_Value=48000000
RCC.VCO1OutputFreq_Value=960000000
RCC.VCO2OutputFreq_Value=480000000
RCC.VCO3OutputFreq_Value=480000000
RCC.VCOInput1Freq_Value=8000000
RCC.VCOInput2Freq_Value=4000000
RCC.VCOInput3Freq_Value=4000000
RCC.VDD_VALUE=1.8
SH.S_TIM2_CH2.0=TIM2_CH2,PWM Generation2 CH2
SH.S_TIM2_CH2.ConfNb=1
SH.S_TIM4_CH2.0=TIM4_CH2,PWM Generation2 CH2
SH.S_TIM4_CH2.ConfNb=1
SPI2.CLKPhase=SPI_PHASE_2EDGE
SPI2.CLKPolarity=SPI_POLARITY_HIGH
SPI2.DataSize=SPI_DATASIZE_8BIT
SPI2.Direction=SPI_DIRECTION_2LINES
SPI2.FirstBit=SPI_FIRSTBIT_LSB
SPI2.IPParameters=VirtualType,Mode,Direction,DataSize,FirstBit,CLKPhase,CLKPolarity
SPI2.Mode=SPI_MODE_SLAVE
SPI2.VirtualType=VM_SLAVE
SPI3.CLKPhase=SPI_PHASE_2EDGE
SPI3.CLKPolarity=SPI_POLARITY_HIGH
SPI3.DataSize=SPI_DATASIZE_8BIT
SPI3.Direction=SPI_DIRECTION_2LINES
SPI3.FirstBit=SPI_FIRSTBIT_LSB
SPI3.IPParameters=VirtualType,Mode,Direction,DataSize,FirstBit,CLKPhase,CLKPolarity
SPI3.Mode=SPI_MODE_SLAVE
SPI3.VirtualType=VM_SLAVE
SPI4.CLKPhase=SPI_PHASE_2EDGE
SPI4.CLKPolarity=SPI_POLARITY_HIGH
SPI4.DataSize=SPI_DATASIZE_8BIT
SPI4.Direction=SPI_DIRECTION_2LINES
SPI4.FirstBit=SPI_FIRSTBIT_LSB
SPI4.IPParameters=VirtualType,Mode,Direction,DataSize,FirstBit,CLKPhase,CLKPolarity
SPI4.Mode=SPI_MODE_SLAVE
SPI4.VirtualType=VM_SLAVE
SPI6.CLKPhase=SPI_PHASE_2EDGE
SPI6.CLKPolarity=SPI_POLARITY_HIGH
SPI6.DataSize=SPI_DATASIZE_8BIT
SPI6.Direction=SPI_DIRECTION_2LINES
SPI6.FirstBit=SPI_FIRSTBIT_LSB
SPI6.IPParameters=VirtualType,Mode,Direction,DataSize,FirstBit,CLKPhase,CLKPolarity
SPI6.Mode=SPI_MODE_SLAVE
SPI6.VirtualType=VM_SLAVE
TIM14.IPParameters=Prescaler,Period
TIM14.Period=5000-1
TIM14.Prescaler=240-1
TIM15.IPParameters=Prescaler
TIM15.Prescaler=240-1
TIM16.IPParameters=Prescaler,Period
TIM16.Period=25000-1
TIM16.Prescaler=240-1
TIM2.Channel-PWM\ Generation2\ CH2=TIM_CHANNEL_2
TIM2.IPParameters=Channel-PWM Generation2 CH2
TIM4.Channel-Output\ Compare3\ No\ Output=TIM_CHANNEL_3
TIM4.Channel-PWM\ Generation2\ CH2=TIM_CHANNEL_2
TIM4.IPParameters=Channel-PWM Generation2 CH2,Prescaler,Period,Pulse-PWM Generation2 CH2,OCPolarity_2,Channel-Output Compare3 No Output,Pulse-Output Compare3 No Output
TIM4.OCPolarity_2=TIM_OCPOLARITY_LOW
TIM4.Period=5999
TIM4.Prescaler=1000
TIM4.Pulse-Output\ Compare3\ No\ Output=3000
TIM4.Pulse-PWM\ Generation2\ CH2=3000
TIM5.IPParameters=Prescaler,Period
TIM5.Period=0xFFFFFFFF
TIM5.Prescaler=2400-1
TIM8.IPParameters=Prescaler,Period
TIM8.Period=10-1
TIM8.Prescaler=0
USART1.CLKPhase=USART_PHASE_2EDGE
USART1.CLKPolarity=USART_POLARITY_HIGH
USART1.FIFOMode=FIFOMODE_ENABLE
USART1.IPParameters=VirtualMode-Synchronous Slave,FIFOMode,Mode,CLKPhase,CLKPolarity,RXFIFOThreshold
USART1.Mode=MODE_RX
USART1.RXFIFOThreshold=RXFIFO_THRESHOLD_FULL
USART1.VirtualMode-Synchronous\ Slave=VM_SYNC
USART2.BaudRate=5000000
USART2.CLKPhase=USART_PHASE_2EDGE
USART2.CLKPolarity=USART_POLARITY_HIGH
USART2.FIFOMode=FIFOMODE_ENABLE
USART2.IPParameters=VirtualMode-Synchronous Slave,FIFOMode,RXFIFOThreshold,CLKPolarity,CLKPhase,Mode,BaudRate
USART2.Mode=MODE_RX
USART2.RXFIFOThreshold=RXFIFO_THRESHOLD_FULL
USART2.VirtualMode-Synchronous\ Slave=VM_SYNC
USART3.CLKPhase=USART_PHASE_2EDGE
USART3.CLKPolarity=USART_POLARITY_HIGH
USART3.FIFOMode=FIFOMODE_ENABLE
USART3.IPParameters=VirtualMode-Synchronous Slave,Mode,FIFOMode,RXFIFOThreshold,CLKPolarity,CLKPhase
USART3.Mode=MODE_RX
USART3.RXFIFOThreshold=RXFIFO_THRESHOLD_FULL
USART3.VirtualMode-Synchronous\ Slave=VM_SYNC
USART6.BaudRate=4167000
USART6.CLKPhase=USART_PHASE_2EDGE
USART6.CLKPolarity=USART_POLARITY_HIGH
USART6.FIFOMode=FIFOMODE_ENABLE
USART6.IPParameters=VirtualMode,BaudRate,FIFOMode,CLKPolarity,CLKPhase,Mode,RXFIFOThreshold
USART6.Mode=MODE_RX
USART6.RXFIFOThreshold=RXFIFO_THRESHOLD_FULL
USART6.VirtualMode=VM_SYNC
USB_OTG_HS.DeviceSpeed-Device_HS=PCD_SPEED_HIGH
USB_OTG_HS.IPParameters=VirtualMode-Device_HS,DeviceSpeed-Device_HS
USB_OTG_HS.VirtualMode-Device_HS=Device_HS
VP_CRC_VS_CRC.Mode=CRC_Activate
VP_CRC_VS_CRC.Signal=CRC_VS_CRC
VP_IWDG1_VS_IWDG.Mode=IWDG_Activate
VP_IWDG1_VS_IWDG.Signal=IWDG1_VS_IWDG
VP_MEMORYMAP_VS_MEMORYMAP.Mode=CurAppReg
VP_MEMORYMAP_VS_MEMORYMAP.Signal=MEMORYMAP_VS_MEMORYMAP
VP_RAMECC_VS_D1_1.Mode=RAMECC1_Monitor1
VP_RAMECC_VS_D1_1.Signal=RAMECC_VS_D1_1
VP_RAMECC_VS_D1_2.Mode=RAMECC1_Monitor2
VP_RAMECC_VS_D1_2.Signal=RAMECC_VS_D1_2
VP_RAMECC_VS_D1_3.Mode=RAMECC1_Monitor3
VP_RAMECC_VS_D1_3.Signal=RAMECC_VS_D1_3
VP_RAMECC_VS_D1_4.Mode=RAMECC1_Monitor4
VP_RAMECC_VS_D1_4.Signal=RAMECC_VS_D1_4
VP_RAMECC_VS_D1_5.Mode=RAMECC1_Monitor5
VP_RAMECC_VS_D1_5.Signal=RAMECC_VS_D1_5
VP_RAMECC_VS_D2_1.Mode=RAMECC2_Monitor1
VP_RAMECC_VS_D2_1.Signal=RAMECC_VS_D2_1
VP_RAMECC_VS_D2_2.Mode=RAMECC2_Monitor2
VP_RAMECC_VS_D2_2.Signal=RAMECC_VS_D2_2
VP_RAMECC_VS_D2_3.Mode=RAMECC2_Monitor3
VP_RAMECC_VS_D2_3.Signal=RAMECC_VS_D2_3
VP_RAMECC_VS_D2_4.Mode=RAMECC2_Monitor4
VP_RAMECC_VS_D2_4.Signal=RAMECC_VS_D2_4
VP_RAMECC_VS_D2_5.Mode=RAMECC2_Monitor5
VP_RAMECC_VS_D2_5.Signal=RAMECC_VS_D2_5
VP_RAMECC_VS_D3_1.Mode=RAMECC3_Monitor1
VP_RAMECC_VS_D3_1.Signal=RAMECC_VS_D3_1
VP_RAMECC_VS_D3_2.Mode=RAMECC3_Monitor2
VP_RAMECC_VS_D3_2.Signal=RAMECC_VS_D3_2
VP_RNG_VS_RNG.Mode=RNG_Activate
VP_RNG_VS_RNG.Signal=RNG_VS_RNG
VP_SYS_VS_tim17.Mode=TIM17
VP_SYS_VS_tim17.Signal=SYS_VS_tim17
VP_TIM14_VS_ClockSourceINT.Mode=Enable_Timer
VP_TIM14_VS_ClockSourceINT.Signal=TIM14_VS_ClockSourceINT
VP_TIM15_VS_ClockSourceINT.Mode=Internal
VP_TIM15_VS_ClockSourceINT.Signal=TIM15_VS_ClockSourceINT
VP_TIM16_VS_ClockSourceINT.Mode=Enable_Timer
VP_TIM16_VS_ClockSourceINT.Signal=TIM16_VS_ClockSourceINT
VP_TIM2_VS_ClockSourceINT.Mode=Internal
VP_TIM2_VS_ClockSourceINT.Signal=TIM2_VS_ClockSourceINT
VP_TIM4_VS_no_output3.Mode=Output Compare3 No Output
VP_TIM4_VS_no_output3.Signal=TIM4_VS_no_output3
VP_TIM5_VS_ClockSourceINT.Mode=Internal
VP_TIM5_VS_ClockSourceINT.Signal=TIM5_VS_ClockSourceINT
VP_TIM8_VS_ClockSourceINT.Mode=Internal
VP_TIM8_VS_ClockSourceINT.Signal=TIM8_VS_ClockSourceINT
board=custom
